// !$*UTF8*$!
{
	archiveVersion = 1;
	classes = {
	};
	objectVersion = 50;
	objects = {

/* Begin PBXBuildFile section */
		A296074722CA2B08002AF93D /* AppDelegate.swift in Sources */ = {isa = PBXBuildFile; fileRef = A296074622CA2B08002AF93D /* AppDelegate.swift */; };
		A296074922CA2B08002AF93D /* SceneDelegate.swift in Sources */ = {isa = PBXBuildFile; fileRef = A296074822CA2B08002AF93D /* SceneDelegate.swift */; };
		A296074B22CA2B09002AF93D /* ContentView.swift in Sources */ = {isa = PBXBuildFile; fileRef = A296074A22CA2B09002AF93D /* ContentView.swift */; };
		A296074D22CA2B0C002AF93D /* Assets.xcassets in Resources */ = {isa = PBXBuildFile; fileRef = A296074C22CA2B0C002AF93D /* Assets.xcassets */; };
		A296075022CA2B0C002AF93D /* Preview Assets.xcassets in Resources */ = {isa = PBXBuildFile; fileRef = A296074F22CA2B0C002AF93D /* Preview Assets.xcassets */; };
		A296075322CA2B0C002AF93D /* LaunchScreen.storyboard in Resources */ = {isa = PBXBuildFile; fileRef = A296075122CA2B0C002AF93D /* LaunchScreen.storyboard */; };
		A296075D22CA5C9A002AF93D /* LoginForm.swift in Sources */ = {isa = PBXBuildFile; fileRef = A296075C22CA5C9A002AF93D /* LoginForm.swift */; };
		A2EFF1D922CAAE3E00C8C414 /* RegisterForm.swift in Sources */ = {isa = PBXBuildFile; fileRef = A2EFF1D822CAAE3E00C8C414 /* RegisterForm.swift */; };
/* End PBXBuildFile section */

/* Begin PBXFileReference section */
		A296074322CA2B08002AF93D /* SwiftUILogin.app */ = {isa = PBXFileReference; explicitFileType = wrapper.application; includeInIndex = 0; path = SwiftUILogin.app; sourceTree = BUILT_PRODUCTS_DIR; };
		A296074622CA2B08002AF93D /* AppDelegate.swift */ = {isa = PBXFileReference; lastKnownFileType = sourcecode.swift; path = AppDelegate.swift; sourceTree = "<group>"; };
		A296074822CA2B08002AF93D /* SceneDelegate.swift */ = {isa = PBXFileReference; lastKnownFileType = sourcecode.swift; path = SceneDelegate.swift; sourceTree = "<group>"; };
		A296074A22CA2B09002AF93D /* ContentView.swift */ = {isa = PBXFileReference; lastKnownFileType = sourcecode.swift; path = ContentView.swift; sourceTree = "<group>"; };
		A296074C22CA2B0C002AF93D /* Assets.xcassets */ = {isa = PBXFileReference; lastKnownFileType = folder.assetcatalog; path = Assets.xcassets; sourceTree = "<group>"; };
		A296074F22CA2B0C002AF93D /* Preview Assets.xcassets */ = {isa = PBXFileReference; lastKnownFileType = folder.assetcatalog; path = "Preview Assets.xcassets"; sourceTree = "<group>"; };
		A296075222CA2B0C002AF93D /* Base */ = {isa = PBXFileReference; lastKnownFileType = file.storyboard; name = Base; path = Base.lproj/LaunchScreen.storyboard; sourceTree = "<group>"; };
		A296075422CA2B0C002AF93D /* Info.plist */ = {isa = PBXFileReference; lastKnownFileType = text.plist.xml; path = Info.plist; sourceTree = "<group>"; };
		A296075C22CA5C9A002AF93D /* LoginForm.swift */ = {isa = PBXFileReference; lastKnownFileType = sourcecode.swift; path = LoginForm.swift; sourceTree = "<group>"; };
		A2EFF1D822CAAE3E00C8C414 /* RegisterForm.swift */ = {isa = PBXFileReference; lastKnownFileType = sourcecode.swift; path = RegisterForm.swift; sourceTree = "<group>"; };
/* End PBXFileReference section */

/* Begin PBXFrameworksBuildPhase section */
		A296074022CA2B08002AF93D /* Frameworks */ = {
			isa = PBXFrameworksBuildPhase;
			buildActionMask = 2147483647;
			files = (
			);
			runOnlyForDeploymentPostprocessing = 0;
		};
/* End PBXFrameworksBuildPhase section */

/* Begin PBXGroup section */
		A296073A22CA2B08002AF93D = {
			isa = PBXGroup;
			children = (
				A296074522CA2B08002AF93D /* SwiftUILogin */,
				A296074422CA2B08002AF93D /* Products */,
			);
			sourceTree = "<group>";
		};
		A296074422CA2B08002AF93D /* Products */ = {
			isa = PBXGroup;
			children = (
				A296074322CA2B08002AF93D /* SwiftUILogin.app */,
			);
			name = Products;
			sourceTree = "<group>";
		};
		A296074522CA2B08002AF93D /* SwiftUILogin */ = {
			isa = PBXGroup;
			children = (
				A296074622CA2B08002AF93D /* AppDelegate.swift */,
				A296075C22CA5C9A002AF93D /* LoginForm.swift */,
				A296074822CA2B08002AF93D /* SceneDelegate.swift */,
				A296074A22CA2B09002AF93D /* ContentView.swift */,
				A2EFF1D822CAAE3E00C8C414 /* RegisterForm.swift */,
				A296074C22CA2B0C002AF93D /* Assets.xcassets */,
				A296075122CA2B0C002AF93D /* LaunchScreen.storyboard */,
				A296075422CA2B0C002AF93D /* Info.plist */,
				A296074E22CA2B0C002AF93D /* Preview Content */,
			);
			path = SwiftUILogin;
			sourceTree = "<group>";
		};
		A296074E22CA2B0C002AF93D /* Preview Content */ = {
			isa = PBXGroup;
			children = (
				A296074F22CA2B0C002AF93D /* Preview Assets.xcassets */,
			);
			path = "Preview Content";
			sourceTree = "<group>";
		};
/* End PBXGroup section */

/* Begin PBXNativeTarget section */
		A296074222CA2B08002AF93D /* SwiftUILogin */ = {
			isa = PBXNativeTarget;
			buildConfigurationList = A296075722CA2B0C002AF93D /* Build configuration list for PBXNativeTarget "SwiftUILogin" */;
			buildPhases = (
				A296073F22CA2B08002AF93D /* Sources */,
				A296074022CA2B08002AF93D /* Frameworks */,
				A296074122CA2B08002AF93D /* Resources */,
			);
			buildRules = (
			);
			dependencies = (
			);
			name = SwiftUILogin;
			productName = SwiftUILogin;
			productReference = A296074322CA2B08002AF93D /* SwiftUILogin.app */;
			productType = "com.apple.product-type.application";
		};
/* End PBXNativeTarget section */

/* Begin PBXProject section */
		A296073B22CA2B08002AF93D /* Project object */ = {
			isa = PBXProject;
			attributes = {
				LastSwiftUpdateCheck = 1100;
				LastUpgradeCheck = 1100;
				ORGANIZATIONNAME = JDC0rp;
				TargetAttributes = {
					A296074222CA2B08002AF93D = {
						CreatedOnToolsVersion = 11.0;
					};
				};
			};
			buildConfigurationList = A296073E22CA2B08002AF93D /* Build configuration list for PBXProject "SwiftUILogin" */;
			compatibilityVersion = "Xcode 9.3";
			developmentRegion = en;
			hasScannedForEncodings = 0;
			knownRegions = (
				en,
				Base,
			);
			mainGroup = A296073A22CA2B08002AF93D;
			productRefGroup = A296074422CA2B08002AF93D /* Products */;
			projectDirPath = "";
			projectRoot = "";
			targets = (
				A296074222CA2B08002AF93D /* SwiftUILogin */,
			);
		};
/* End PBXProject section */

/* Begin PBXResourcesBuildPhase section */
		A296074122CA2B08002AF93D /* Resources */ = {
			isa = PBXResourcesBuildPhase;
			buildActionMask = 2147483647;
			files = (
				A296075322CA2B0C002AF93D /* LaunchScreen.storyboard in Resources */,
				A296075022CA2B0C002AF93D /* Preview Assets.xcassets in Resources */,
				A296074D22CA2B0C002AF93D /* Assets.xcassets in Resources */,
			);
			runOnlyForDeploymentPostprocessing = 0;
		};
/* End PBXResourcesBuildPhase section */

/* Begin PBXSourcesBuildPhase section */
		A296073F22CA2B08002AF93D /* Sources */ = {
			isa = PBXSourcesBuildPhase;
			buildActionMask = 2147483647;
			files = (
				A296074722CA2B08002AF93D /* AppDelegate.swift in Sources */,
				A296074922CA2B08002AF93D /* SceneDelegate.swift in Sources */,
				A296074B22CA2B09002AF93D /* ContentView.swift in Sources */,
				A2EFF1D922CAAE3E00C8C414 /* RegisterForm.swift in Sources */,
				A296075D22CA5C9A002AF93D /* LoginForm.swift in Sources */,
			);
			runOnlyForDeploymentPostprocessing = 0;
		};
/* End PBXSourcesBuildPhase section */

/* Begin PBXVariantGroup section */
		A296075122CA2B0C002AF93D /* LaunchScreen.storyboard */ = {
			isa = PBXVariantGroup;
			children = (
				A296075222CA2B0C002AF93D /* Base */,
			);
			name = LaunchScreen.storyboard;
			sourceTree = "<group>";
		};
/* End PBXVariantGroup section */

/* Begin XCBuildConfiguration section */
		A296075522CA2B0C002AF93D /* Debug */ = {
			isa = XCBuildConfiguration;
			buildSettings = {
				ALWAYS_SEARCH_USER_PATHS = NO;
				CLANG_ANALYZER_NONNULL = YES;
				CLANG_ANALYZER_NUMBER_OBJECT_CONVERSION = YES_AGGRESSIVE;
				CLANG_CXX_LANGUAGE_STANDARD = "gnu++14";
				CLANG_CXX_LIBRARY = "libc++";
				CLANG_ENABLE_MODULES = YES;
				CLANG_ENABLE_OBJC_ARC = YES;
				CLANG_ENABLE_OBJC_WEAK = YES;
				CLANG_WARN_BLOCK_CAPTURE_AUTORELEASING = YES;
				CLANG_WARN_BOOL_CONVERSION = YES;
				CLANG_WARN_COMMA = YES;
				CLANG_WARN_CONSTANT_CONVERSION = YES;
				CLANG_WARN_DEPRECATED_OBJC_IMPLEMENTATIONS = YES;
				CLANG_WARN_DIRECT_OBJC_ISA_USAGE = YES_ERROR;
				CLANG_WARN_DOCUMENTATION_COMMENTS = YES;
				CLANG_WARN_EMPTY_BODY = YES;
				CLANG_WARN_ENUM_CONVERSION = YES;
				CLANG_WARN_INFINITE_RECURSION = YES;
				CLANG_WARN_INT_CONVERSION = YES;
				CLANG_WARN_NON_LITERAL_NULL_CONVERSION = YES;
				CLANG_WARN_OBJC_IMPLICIT_RETAIN_SELF = YES;
				CLANG_WARN_OBJC_LITERAL_CONVERSION = YES;
				CLANG_WARN_OBJC_ROOT_CLASS = YES_ERROR;
				CLANG_WARN_RANGE_LOOP_ANALYSIS = YES;
				CLANG_WARN_STRICT_PROTOTYPES = YES;
				CLANG_WARN_SUSPICIOUS_MOVE = YES;
				CLANG_WARN_UNGUARDED_AVAILABILITY = YES_AGGRESSIVE;
				CLANG_WARN_UNREACHABLE_CODE = YES;
				CLANG_WARN__DUPLICATE_METHOD_MATCH = YES;
				COPY_PHASE_STRIP = NO;
				DEBUG_INFORMATION_FORMAT = dwarf;
				ENABLE_STRICT_OBJC_MSGSEND = YES;
				ENABLE_TESTABILITY = YES;
				GCC_C_LANGUAGE_STANDARD = gnu11;
				GCC_DYNAMIC_NO_PIC = NO;
				GCC_NO_COMMON_BLOCKS = YES;
				GCC_OPTIMIZATION_LEVEL = 0;
				GCC_PREPROCESSOR_DEFINITIONS = (
					"DEBUG=1",
					"$(inherited)",
				);
				GCC_WARN_64_TO_32_BIT_CONVERSION = YES;
				GCC_WARN_ABOUT_RETURN_TYPE = YES_ERROR;
				GCC_WARN_UNDECLARED_SELECTOR = YES;
				GCC_WARN_UNINITIALIZED_AUTOS = YES_AGGRESSIVE;
				GCC_WARN_UNUSED_FUNCTION = YES;
				GCC_WARN_UNUSED_VARIABLE = YES;
				IPHONEOS_DEPLOYMENT_TARGET = 13.0;
				MTL_ENABLE_DEBUG_INFO = INCLUDE_SOURCE;
				MTL_FAST_MATH = YES;
				ONLY_ACTIVE_ARCH = YES;
				SDKROOT = iphoneos;
				SWIFT_ACTIVE_COMPILATION_CONDITIONS = DEBUG;
				SWIFT_OPTIMIZATION_LEVEL = "-Onone";
			};
			name = Debug;
		};
		A296075622CA2B0C002AF93D /* Release */ = {
			isa = XCBuildConfiguration;
			buildSettings = {
				ALWAYS_SEARCH_USER_PATHS = NO;
				CLANG_ANALYZER_NONNULL = YES;
				CLANG_ANALYZER_NUMBER_OBJECT_CONVERSION = YES_AGGRESSIVE;
				CLANG_CXX_LANGUAGE_STANDARD = "gnu++14";
				CLANG_CXX_LIBRARY = "libc++";
				CLANG_ENABLE_MODULES = YES;
				CLANG_ENABLE_OBJC_ARC = YES;
				CLANG_ENABLE_OBJC_WEAK = YES;
				CLANG_WARN_BLOCK_CAPTURE_AUTORELEASING = YES;
				CLANG_WARN_BOOL_CONVERSION = YES;
				CLANG_WARN_COMMA = YES;
				CLANG_WARN_CONSTANT_CONVERSION = YES;
				CLANG_WARN_DEPRECATED_OBJC_IMPLEMENTATIONS = YES;
				CLANG_WARN_DIRECT_OBJC_ISA_USAGE = YES_ERROR;
				CLANG_WARN_DOCUMENTATION_COMMENTS = YES;
				CLANG_WARN_EMPTY_BODY = YES;
				CLANG_WARN_ENUM_CONVERSION = YES;
				CLANG_WARN_INFINITE_RECURSION = YES;
				CLANG_WARN_INT_CONVERSION = YES;
				CLANG_WARN_NON_LITERAL_NULL_CONVERSION = YES;
				CLANG_WARN_OBJC_IMPLICIT_RETAIN_SELF = YES;
				CLANG_WARN_OBJC_LITERAL_CONVERSION = YES;
				CLANG_WARN_OBJC_ROOT_CLASS = YES_ERROR;
				CLANG_WARN_RANGE_LOOP_ANALYSIS = YES;
				CLANG_WARN_STRICT_PROTOTYPES = YES;
				CLANG_WARN_SUSPICIOUS_MOVE = YES;
				CLANG_WARN_UNGUARDED_AVAILABILITY = YES_AGGRESSIVE;
				CLANG_WARN_UNREACHABLE_CODE = YES;
				CLANG_WARN__DUPLICATE_METHOD_MATCH = YES;
				COPY_PHASE_STRIP = NO;
				DEBUG_INFORMATION_FORMAT = "dwarf-with-dsym";
				ENABLE_NS_ASSERTIONS = NO;
				ENABLE_STRICT_OBJC_MSGSEND = YES;
				GCC_C_LANGUAGE_STANDARD = gnu11;
				GCC_NO_COMMON_BLOCKS = YES;
				GCC_WARN_64_TO_32_BIT_CONVERSION = YES;
				GCC_WARN_ABOUT_RETURN_TYPE = YES_ERROR;
				GCC_WARN_UNDECLARED_SELECTOR = YES;
				GCC_WARN_UNINITIALIZED_AUTOS = YES_AGGRESSIVE;
				GCC_WARN_UNUSED_FUNCTION = YES;
				GCC_WARN_UNUSED_VARIABLE = YES;
				IPHONEOS_DEPLOYMENT_TARGET = 13.0;
				MTL_ENABLE_DEBUG_INFO = NO;
				MTL_FAST_MATH = YES;
				SDKROOT = iphoneos;
				SWIFT_COMPILATION_MODE = wholemodule;
				SWIFT_OPTIMIZATION_LEVEL = "-O";
				VALIDATE_PRODUCT = YES;
			};
			name = Release;
		};
		A296075822CA2B0C002AF93D /* Debug */ = {
			isa = XCBuildConfiguration;
			buildSettings = {
				ASSETCATALOG_COMPILER_APPICON_NAME = AppIcon;
				CODE_SIGN_STYLE = Automatic;
				DEVELOPMENT_ASSET_PATHS = "SwiftUILogin/Preview\\ Content";
				DEVELOPMENT_TEAM = LNA9PE68R4;
				ENABLE_PREVIEWS = YES;
				INFOPLIST_FILE = SwiftUILogin/Info.plist;
				LD_RUNPATH_SEARCH_PATHS = (
					"$(inherited)",
					"@executable_path/Frameworks",
				);
				PRODUCT_BUNDLE_IDENTIFIER = com.jdc0rp.SwiftUILogin;
				PRODUCT_NAME = "$(TARGET_NAME)";
				SWIFT_VERSION = 5.0;
				TARGETED_DEVICE_FAMILY = "1,2";
			};
			name = Debug;
		};
		A296075922CA2B0C002AF93D /* Release */ = {
			isa = XCBuildConfiguration;
			buildSettings = {
				ASSETCATALOG_COMPILER_APPICON_NAME = AppIcon;
				CODE_SIGN_STYLE = Automatic;
				DEVELOPMENT_ASSET_PATHS = "SwiftUILogin/Preview\\ Content";
				DEVELOPMENT_TEAM = LNA9PE68R4;
				ENABLE_PREVIEWS = YES;
				INFOPLIST_FILE = SwiftUILogin/Info.plist;
				LD_RUNPATH_SEARCH_PATHS = (
					"$(inherited)",
					"@executable_path/Frameworks",
				);
				PRODUCT_BUNDLE_IDENTIFIER = com.jdc0rp.SwiftUILogin;
				PRODUCT_NAME = "$(TARGET_NAME)";
				SWIFT_VERSION = 5.0;
				TARGETED_DEVICE_FAMILY = "1,2";
			};
			name = Release;
		};
/* End XCBuildConfiguration section */

/* Begin XCConfigurationList section */
		A296073E22CA2B08002AF93D /* Build configuration list for PBXProject "SwiftUILogin" */ = {
			isa = XCConfigurationList;
			buildConfigurations = (
				A296075522CA2B0C002AF93D /* Debug */,
				A296075622CA2B0C002AF93D /* Release */,
			);
			defaultConfigurationIsVisible = 0;
			defaultConfigurationName = Release;
		};
		A296075722CA2B0C002AF93D /* Build configuration list for PBXNativeTarget "SwiftUILogin" */ = {
			isa = XCConfigurationList;
			buildConfigurations = (
				A296075822CA2B0C002AF93D /* Debug */,
				A296075922CA2B0C002AF93D /* Release */,
			);
			defaultConfigurationIsVisible = 0;
			defaultConfigurationName = Release;
		};
/* End XCConfigurationList section */
	};
	rootObject = A296073B22CA2B08002AF93D /* Project object */;
}
